
Microsoft Visual Studio Solution File, Format Version 12.00
# Visual Studio Version 17
VisualStudioVersion = 17.3.32929.385
MinimumVisualStudioVersion = 10.0.40219.1
Project("{8BC9CEB8-8B4A-11D0-8D11-00A0C91BC942}") = "Task 1", "3. The Big 4\3. The Big 4.vcxproj", "{20A0D9E7-188D-4093-B5C4-05ED2B9A0CCD}"
EndProject
Project("{8BC9CEB8-8B4A-11D0-8D11-00A0C91BC942}") = "Task 2", "Task 2\Task 2.vcxproj", "{5F6DA3D4-7F70-4FA8-9C74-79BECFAB13E0}"
EndProject
Global
	GlobalSection(SolutionConfigurationPlatforms) = preSolution
		Debug|x64 = Debug|x64
		Debug|x86 = Debug|x86
		Release|x64 = Release|x64
		Release|x86 = Release|x86
	EndGlobalSection
	GlobalSection(ProjectConfigurationPlatforms) = postSolution
		{20A0D9E7-188D-4093-B5C4-05ED2B9A0CCD}.Debug|x64.ActiveCfg = Debug|x64
		{20A0D9E7-188D-4093-B5C4-05ED2B9A0CCD}.Debug|x64.Build.0 = Debug|x64
		{20A0D9E7-188D-4093-B5C4-05ED2B9A0CCD}.Debug|x86.ActiveCfg = Debug|Win32
		{20A0D9E7-188D-4093-B5C4-05ED2B9A0CCD}.Debug|x86.Build.0 = Debug|Win32
		{20A0D9E7-188D-4093-B5C4-05ED2B9A0CCD}.Release|x64.ActiveCfg = Release|x64
		{20A0D9E7-188D-4093-B5C4-05ED2B9A0CCD}.Release|x64.Build.0 = Release|x64
		{20A0D9E7-188D-4093-B5C4-05ED2B9A0CCD}.Release|x86.ActiveCfg = Release|Win32
		{20A0D9E7-188D-4093-B5C4-05ED2B9A0CCD}.Release|x86.Build.0 = Release|Win32
		{5F6DA3D4-7F70-4FA8-9C74-79BECFAB13E0}.Debug|x64.ActiveCfg = Debug|x64
		{5F6DA3D4-7F70-4FA8-9C74-79BECFAB13E0}.Debug|x64.Build.0 = Debug|x64
		{5F6DA3D4-7F70-4FA8-9C74-79BECFAB13E0}.Debug|x86.ActiveCfg = Debug|Win32
		{5F6DA3D4-7F70-4FA8-9C74-79BECFAB13E0}.Debug|x86.Build.0 = Debug|Win32
		{5F6DA3D4-7F70-4FA8-9C74-79BECFAB13E0}.Release|x64.ActiveCfg = Release|x64
		{5F6DA3D4-7F70-4FA8-9C74-79BECFAB13E0}.Release|x64.Build.0 = Release|x64
		{5F6DA3D4-7F70-4FA8-9C74-79BECFAB13E0}.Release|x86.ActiveCfg = Release|Win32
		{5F6DA3D4-7F70-4FA8-9C74-79BECFAB13E0}.Release|x86.Build.0 = Release|Win32
	EndGlobalSection
	GlobalSection(SolutionProperties) = preSolution
		HideSolutionNode = FALSE
	EndGlobalSection
	GlobalSection(ExtensibilityGlobals) = postSolution
		SolutionGuid = {9245CDDE-FD13-4B6E-AEA7-5965C3156C75}
	EndGlobalSection
EndGlobal
